// !$*UTF8*$!
{
	archiveVersion = 1;
	classes = {
	};
	objectVersion = 55;
	objects = {

/* Begin PBXBuildFile section */
		5B858DCBCE095AA718A3511A /* Pods_CalendarView.framework in Frameworks */ = {isa = PBXBuildFile; fileRef = 19215ADE30E1307FB4264727 /* Pods_CalendarView.framework */; };
		7E630800284F091A00239C93 /* Extension.swift in Sources */ = {isa = PBXBuildFile; fileRef = 7E6307FF284F091A00239C93 /* Extension.swift */; };
		7E65FC7D2849BAFA0084FDF7 /* AddEventViewController.swift in Sources */ = {isa = PBXBuildFile; fileRef = 7E65FC7C2849BAFA0084FDF7 /* AddEventViewController.swift */; };
		7E6A09062850776F006CD712 /* CustomDropDown.swift in Sources */ = {isa = PBXBuildFile; fileRef = 7E6A09052850776F006CD712 /* CustomDropDown.swift */; };
		7E6A090928507793006CD712 /* CustomDropDown.xib in Resources */ = {isa = PBXBuildFile; fileRef = 7E6A090828507793006CD712 /* CustomDropDown.xib */; };
		7E6A090B28507B9A006CD712 /* EventDataModel.swift in Sources */ = {isa = PBXBuildFile; fileRef = 7E6A090A28507B9A006CD712 /* EventDataModel.swift */; };
		7E6A090D2850992C006CD712 /* CalendarViewModel.swift in Sources */ = {isa = PBXBuildFile; fileRef = 7E6A090C2850992C006CD712 /* CalendarViewModel.swift */; };
		7E6A09102850D3BD006CD712 /* ShowEventTableViewCell.swift in Sources */ = {isa = PBXBuildFile; fileRef = 7E6A090E2850D3BD006CD712 /* ShowEventTableViewCell.swift */; };
		7E6A09112850D3BD006CD712 /* ShowEventTableViewCell.xib in Resources */ = {isa = PBXBuildFile; fileRef = 7E6A090F2850D3BD006CD712 /* ShowEventTableViewCell.xib */; };
		7E7613E2284FDA4A0012F44E /* AddEventData.swift in Sources */ = {isa = PBXBuildFile; fileRef = 7E7613E1284FDA4A0012F44E /* AddEventData.swift */; };
		7E7933E12848A3F500BBD28E /* AppDelegate.swift in Sources */ = {isa = PBXBuildFile; fileRef = 7E7933E02848A3F500BBD28E /* AppDelegate.swift */; };
		7E7933E32848A3F500BBD28E /* SceneDelegate.swift in Sources */ = {isa = PBXBuildFile; fileRef = 7E7933E22848A3F500BBD28E /* SceneDelegate.swift */; };
		7E7933E52848A3F500BBD28E /* ViewController.swift in Sources */ = {isa = PBXBuildFile; fileRef = 7E7933E42848A3F500BBD28E /* ViewController.swift */; };
		7E7933E82848A3F500BBD28E /* Main.storyboard in Resources */ = {isa = PBXBuildFile; fileRef = 7E7933E62848A3F500BBD28E /* Main.storyboard */; };
		7E7933EA2848A3F900BBD28E /* Assets.xcassets in Resources */ = {isa = PBXBuildFile; fileRef = 7E7933E92848A3F900BBD28E /* Assets.xcassets */; };
		7E7933ED2848A3F900BBD28E /* LaunchScreen.storyboard in Resources */ = {isa = PBXBuildFile; fileRef = 7E7933EB2848A3F900BBD28E /* LaunchScreen.storyboard */; };
/* End PBXBuildFile section */

/* Begin PBXFileReference section */
		19215ADE30E1307FB4264727 /* Pods_CalendarView.framework */ = {isa = PBXFileReference; explicitFileType = wrapper.framework; includeInIndex = 0; path = Pods_CalendarView.framework; sourceTree = BUILT_PRODUCTS_DIR; };
		26F7BD611B8DA7E6A8F59BA2 /* Pods-CalendarView.release.xcconfig */ = {isa = PBXFileReference; includeInIndex = 1; lastKnownFileType = text.xcconfig; name = "Pods-CalendarView.release.xcconfig"; path = "Target Support Files/Pods-CalendarView/Pods-CalendarView.release.xcconfig"; sourceTree = "<group>"; };
		7E6307FF284F091A00239C93 /* Extension.swift */ = {isa = PBXFileReference; lastKnownFileType = sourcecode.swift; path = Extension.swift; sourceTree = "<group>"; };
		7E65FC7C2849BAFA0084FDF7 /* AddEventViewController.swift */ = {isa = PBXFileReference; lastKnownFileType = sourcecode.swift; path = AddEventViewController.swift; sourceTree = "<group>"; };
		7E6A09052850776F006CD712 /* CustomDropDown.swift */ = {isa = PBXFileReference; lastKnownFileType = sourcecode.swift; path = CustomDropDown.swift; sourceTree = "<group>"; };
		7E6A090828507793006CD712 /* CustomDropDown.xib */ = {isa = PBXFileReference; lastKnownFileType = file.xib; path = CustomDropDown.xib; sourceTree = "<group>"; };
		7E6A090A28507B9A006CD712 /* EventDataModel.swift */ = {isa = PBXFileReference; lastKnownFileType = sourcecode.swift; path = EventDataModel.swift; sourceTree = "<group>"; };
		7E6A090C2850992C006CD712 /* CalendarViewModel.swift */ = {isa = PBXFileReference; lastKnownFileType = sourcecode.swift; path = CalendarViewModel.swift; sourceTree = "<group>"; };
		7E6A090E2850D3BD006CD712 /* ShowEventTableViewCell.swift */ = {isa = PBXFileReference; lastKnownFileType = sourcecode.swift; path = ShowEventTableViewCell.swift; sourceTree = "<group>"; };
		7E6A090F2850D3BD006CD712 /* ShowEventTableViewCell.xib */ = {isa = PBXFileReference; lastKnownFileType = file.xib; path = ShowEventTableViewCell.xib; sourceTree = "<group>"; };
		7E7613E1284FDA4A0012F44E /* AddEventData.swift */ = {isa = PBXFileReference; lastKnownFileType = sourcecode.swift; path = AddEventData.swift; sourceTree = "<group>"; };
		7E7933DD2848A3F500BBD28E /* CalendarView.app */ = {isa = PBXFileReference; explicitFileType = wrapper.application; includeInIndex = 0; path = CalendarView.app; sourceTree = BUILT_PRODUCTS_DIR; };
		7E7933E02848A3F500BBD28E /* AppDelegate.swift */ = {isa = PBXFileReference; lastKnownFileType = sourcecode.swift; path = AppDelegate.swift; sourceTree = "<group>"; };
		7E7933E22848A3F500BBD28E /* SceneDelegate.swift */ = {isa = PBXFileReference; lastKnownFileType = sourcecode.swift; path = SceneDelegate.swift; sourceTree = "<group>"; };
		7E7933E42848A3F500BBD28E /* ViewController.swift */ = {isa = PBXFileReference; lastKnownFileType = sourcecode.swift; path = ViewController.swift; sourceTree = "<group>"; };
		7E7933E72848A3F500BBD28E /* Base */ = {isa = PBXFileReference; lastKnownFileType = file.storyboard; name = Base; path = Base.lproj/Main.storyboard; sourceTree = "<group>"; };
		7E7933E92848A3F900BBD28E /* Assets.xcassets */ = {isa = PBXFileReference; lastKnownFileType = folder.assetcatalog; path = Assets.xcassets; sourceTree = "<group>"; };
		7E7933EC2848A3F900BBD28E /* Base */ = {isa = PBXFileReference; lastKnownFileType = file.storyboard; name = Base; path = Base.lproj/LaunchScreen.storyboard; sourceTree = "<group>"; };
		7E7933EE2848A3F900BBD28E /* Info.plist */ = {isa = PBXFileReference; lastKnownFileType = text.plist.xml; path = Info.plist; sourceTree = "<group>"; };
		8A89658F9BD8E217FB584264 /* Pods-CalendarView.debug.xcconfig */ = {isa = PBXFileReference; includeInIndex = 1; lastKnownFileType = text.xcconfig; name = "Pods-CalendarView.debug.xcconfig"; path = "Target Support Files/Pods-CalendarView/Pods-CalendarView.debug.xcconfig"; sourceTree = "<group>"; };
/* End PBXFileReference section */

/* Begin PBXFrameworksBuildPhase section */
		7E7933DA2848A3F500BBD28E /* Frameworks */ = {
			isa = PBXFrameworksBuildPhase;
			buildActionMask = 2147483647;
			files = (
				5B858DCBCE095AA718A3511A /* Pods_CalendarView.framework in Frameworks */,
			);
			runOnlyForDeploymentPostprocessing = 0;
		};
/* End PBXFrameworksBuildPhase section */

/* Begin PBXGroup section */
		7E6A090128507694006CD712 /* Model */ = {
			isa = PBXGroup;
			children = (
				7E7613E1284FDA4A0012F44E /* AddEventData.swift */,
				7E6A090A28507B9A006CD712 /* EventDataModel.swift */,
			);
			path = Model;
			sourceTree = "<group>";
		};
		7E6A0902285076AC006CD712 /* View */ = {
			isa = PBXGroup;
			children = (
				7E6A0904285076F7006CD712 /* Controller */,
				7E7933E62848A3F500BBD28E /* Main.storyboard */,
				7E7933E92848A3F900BBD28E /* Assets.xcassets */,
				7E7933EB2848A3F900BBD28E /* LaunchScreen.storyboard */,
				7E6A09052850776F006CD712 /* CustomDropDown.swift */,
				7E6A090828507793006CD712 /* CustomDropDown.xib */,
			);
			path = View;
			sourceTree = "<group>";
		};
		7E6A0903285076B9006CD712 /* View Model */ = {
			isa = PBXGroup;
			children = (
				7E6A090C2850992C006CD712 /* CalendarViewModel.swift */,
			);
			path = "View Model";
			sourceTree = "<group>";
		};
		7E6A0904285076F7006CD712 /* Controller */ = {
			isa = PBXGroup;
			children = (
				7E7933E42848A3F500BBD28E /* ViewController.swift */,
				7E65FC7C2849BAFA0084FDF7 /* AddEventViewController.swift */,
			);
			path = Controller;
			sourceTree = "<group>";
		};
		7E7933D42848A3F500BBD28E = {
			isa = PBXGroup;
			children = (
				7E7933DF2848A3F500BBD28E /* CalendarView */,
				7E7933DE2848A3F500BBD28E /* Products */,
				C30576ABB147F666E2EEF22D /* Pods */,
				F4AAACDBB954002B8B86A152 /* Frameworks */,
			);
			sourceTree = "<group>";
		};
		7E7933DE2848A3F500BBD28E /* Products */ = {
			isa = PBXGroup;
			children = (
				7E7933DD2848A3F500BBD28E /* CalendarView.app */,
			);
			name = Products;
			sourceTree = "<group>";
		};
		7E7933DF2848A3F500BBD28E /* CalendarView */ = {
			isa = PBXGroup;
			children = (
				7E6A0903285076B9006CD712 /* View Model */,
				7E6A0902285076AC006CD712 /* View */,
				7E6A090128507694006CD712 /* Model */,
				7E7933E02848A3F500BBD28E /* AppDelegate.swift */,
				7E7933E22848A3F500BBD28E /* SceneDelegate.swift */,
				7E7933EE2848A3F900BBD28E /* Info.plist */,
				7E6307FF284F091A00239C93 /* Extension.swift */,
				7E6A090E2850D3BD006CD712 /* ShowEventTableViewCell.swift */,
				7E6A090F2850D3BD006CD712 /* ShowEventTableViewCell.xib */,
			);
			path = CalendarView;
			sourceTree = "<group>";
		};
		C30576ABB147F666E2EEF22D /* Pods */ = {
			isa = PBXGroup;
			children = (
				8A89658F9BD8E217FB584264 /* Pods-CalendarView.debug.xcconfig */,
				26F7BD611B8DA7E6A8F59BA2 /* Pods-CalendarView.release.xcconfig */,
			);
			path = Pods;
			sourceTree = "<group>";
		};
		F4AAACDBB954002B8B86A152 /* Frameworks */ = {
			isa = PBXGroup;
			children = (
				19215ADE30E1307FB4264727 /* Pods_CalendarView.framework */,
			);
			name = Frameworks;
			sourceTree = "<group>";
		};
/* End PBXGroup section */

/* Begin PBXNativeTarget section */
		7E7933DC2848A3F500BBD28E /* CalendarView */ = {
			isa = PBXNativeTarget;
			buildConfigurationList = 7E7933F12848A3F900BBD28E /* Build configuration list for PBXNativeTarget "CalendarView" */;
			buildPhases = (
				E1CAD7B43E03743D6F4BC29C /* [CP] Check Pods Manifest.lock */,
				7E7933D92848A3F500BBD28E /* Sources */,
				7E7933DA2848A3F500BBD28E /* Frameworks */,
				7E7933DB2848A3F500BBD28E /* Resources */,
				109B3DAD0F8359A52EF49C8D /* [CP] Embed Pods Frameworks */,
			);
			buildRules = (
			);
			dependencies = (
			);
			name = CalendarView;
			productName = CalendarView;
			productReference = 7E7933DD2848A3F500BBD28E /* CalendarView.app */;
			productType = "com.apple.product-type.application";
		};
/* End PBXNativeTarget section */

/* Begin PBXProject section */
		7E7933D52848A3F500BBD28E /* Project object */ = {
			isa = PBXProject;
			attributes = {
				BuildIndependentTargetsInParallel = 1;
				LastSwiftUpdateCheck = 1330;
				LastUpgradeCheck = 1330;
				TargetAttributes = {
					7E7933DC2848A3F500BBD28E = {
						CreatedOnToolsVersion = 13.3;
					};
				};
			};
			buildConfigurationList = 7E7933D82848A3F500BBD28E /* Build configuration list for PBXProject "CalendarView" */;
			compatibilityVersion = "Xcode 13.0";
			developmentRegion = en;
			hasScannedForEncodings = 0;
			knownRegions = (
				en,
				Base,
			);
			mainGroup = 7E7933D42848A3F500BBD28E;
			productRefGroup = 7E7933DE2848A3F500BBD28E /* Products */;
			projectDirPath = "";
			projectRoot = "";
			targets = (
				7E7933DC2848A3F500BBD28E /* CalendarView */,
			);
		};
/* End PBXProject section */

/* Begin PBXResourcesBuildPhase section */
		7E7933DB2848A3F500BBD28E /* Resources */ = {
			isa = PBXResourcesBuildPhase;
			buildActionMask = 2147483647;
			files = (
				7E7933ED2848A3F900BBD28E /* LaunchScreen.storyboard in Resources */,
				7E7933EA2848A3F900BBD28E /* Assets.xcassets in Resources */,
				7E7933E82848A3F500BBD28E /* Main.storyboard in Resources */,
				7E6A090928507793006CD712 /* CustomDropDown.xib in Resources */,
				7E6A09112850D3BD006CD712 /* ShowEventTableViewCell.xib in Resources */,
			);
			runOnlyForDeploymentPostprocessing = 0;
		};
/* End PBXResourcesBuildPhase section */

/* Begin PBXShellScriptBuildPhase section */
		109B3DAD0F8359A52EF49C8D /* [CP] Embed Pods Frameworks */ = {
			isa = PBXShellScriptBuildPhase;
			buildActionMask = 2147483647;
			files = (
			);
			inputFileListPaths = (
				"${PODS_ROOT}/Target Support Files/Pods-CalendarView/Pods-CalendarView-frameworks-${CONFIGURATION}-input-files.xcfilelist",
			);
			name = "[CP] Embed Pods Frameworks";
			outputFileListPaths = (
				"${PODS_ROOT}/Target Support Files/Pods-CalendarView/Pods-CalendarView-frameworks-${CONFIGURATION}-output-files.xcfilelist",
			);
			runOnlyForDeploymentPostprocessing = 0;
			shellPath = /bin/sh;
			shellScript = "\"${PODS_ROOT}/Target Support Files/Pods-CalendarView/Pods-CalendarView-frameworks.sh\"\n";
			showEnvVarsInLog = 0;
		};
		E1CAD7B43E03743D6F4BC29C /* [CP] Check Pods Manifest.lock */ = {
			isa = PBXShellScriptBuildPhase;
			buildActionMask = 2147483647;
			files = (
			);
			inputFileListPaths = (
			);
			inputPaths = (
				"${PODS_PODFILE_DIR_PATH}/Podfile.lock",
				"${PODS_ROOT}/Manifest.lock",
			);
			name = "[CP] Check Pods Manifest.lock";
			outputFileListPaths = (
			);
			outputPaths = (
				"$(DERIVED_FILE_DIR)/Pods-CalendarView-checkManifestLockResult.txt",
			);
			runOnlyForDeploymentPostprocessing = 0;
			shellPath = /bin/sh;
			shellScript = "diff \"${PODS_PODFILE_DIR_PATH}/Podfile.lock\" \"${PODS_ROOT}/Manifest.lock\" > /dev/null\nif [ $? != 0 ] ; then\n    # print error to STDERR\n    echo \"error: The sandbox is not in sync with the Podfile.lock. Run 'pod install' or update your CocoaPods installation.\" >&2\n    exit 1\nfi\n# This output is used by Xcode 'outputs' to avoid re-running this script phase.\necho \"SUCCESS\" > \"${SCRIPT_OUTPUT_FILE_0}\"\n";
			showEnvVarsInLog = 0;
		};
/* End PBXShellScriptBuildPhase section */

/* Begin PBXSourcesBuildPhase section */
		7E7933D92848A3F500BBD28E /* Sources */ = {
			isa = PBXSourcesBuildPhase;
			buildActionMask = 2147483647;
			files = (
				7E7613E2284FDA4A0012F44E /* AddEventData.swift in Sources */,
				7E630800284F091A00239C93 /* Extension.swift in Sources */,
				7E6A09062850776F006CD712 /* CustomDropDown.swift in Sources */,
				7E7933E52848A3F500BBD28E /* ViewController.swift in Sources */,
				7E6A090B28507B9A006CD712 /* EventDataModel.swift in Sources */,
				7E65FC7D2849BAFA0084FDF7 /* AddEventViewController.swift in Sources */,
				7E6A090D2850992C006CD712 /* CalendarViewModel.swift in Sources */,
				7E7933E12848A3F500BBD28E /* AppDelegate.swift in Sources */,
				7E7933E32848A3F500BBD28E /* SceneDelegate.swift in Sources */,
				7E6A09102850D3BD006CD712 /* ShowEventTableViewCell.swift in Sources */,
			);
			runOnlyForDeploymentPostprocessing = 0;
		};
/* End PBXSourcesBuildPhase section */

/* Begin PBXVariantGroup section */
		7E7933E62848A3F500BBD28E /* Main.storyboard */ = {
			isa = PBXVariantGroup;
			children = (
				7E7933E72848A3F500BBD28E /* Base */,
			);
			name = Main.storyboard;
			sourceTree = "<group>";
		};
		7E7933EB2848A3F900BBD28E /* LaunchScreen.storyboard */ = {
			isa = PBXVariantGroup;
			children = (
				7E7933EC2848A3F900BBD28E /* Base */,
			);
			name = LaunchScreen.storyboard;
			sourceTree = "<group>";
		};
/* End PBXVariantGroup section */

/* Begin XCBuildConfiguration section */
		7E7933EF2848A3F900BBD28E /* Debug */ = {
			isa = XCBuildConfiguration;
			buildSettings = {
				ALWAYS_SEARCH_USER_PATHS = NO;
				CLANG_ANALYZER_NONNULL = YES;
				CLANG_ANALYZER_NUMBER_OBJECT_CONVERSION = YES_AGGRESSIVE;
				CLANG_CXX_LANGUAGE_STANDARD = "gnu++17";
				CLANG_ENABLE_MODULES = YES;
				CLANG_ENABLE_OBJC_ARC = YES;
				CLANG_ENABLE_OBJC_WEAK = YES;
				CLANG_WARN_BLOCK_CAPTURE_AUTORELEASING = YES;
				CLANG_WARN_BOOL_CONVERSION = YES;
				CLANG_WARN_COMMA = YES;
				CLANG_WARN_CONSTANT_CONVERSION = YES;
				CLANG_WARN_DEPRECATED_OBJC_IMPLEMENTATIONS = YES;
				CLANG_WARN_DIRECT_OBJC_ISA_USAGE = YES_ERROR;
				CLANG_WARN_DOCUMENTATION_COMMENTS = YES;
				CLANG_WARN_EMPTY_BODY = YES;
				CLANG_WARN_ENUM_CONVERSION = YES;
				CLANG_WARN_INFINITE_RECURSION = YES;
				CLANG_WARN_INT_CONVERSION = YES;
				CLANG_WARN_NON_LITERAL_NULL_CONVERSION = YES;
				CLANG_WARN_OBJC_IMPLICIT_RETAIN_SELF = YES;
				CLANG_WARN_OBJC_LITERAL_CONVERSION = YES;
				CLANG_WARN_OBJC_ROOT_CLASS = YES_ERROR;
				CLANG_WARN_QUOTED_INCLUDE_IN_FRAMEWORK_HEADER = YES;
				CLANG_WARN_RANGE_LOOP_ANALYSIS = YES;
				CLANG_WARN_STRICT_PROTOTYPES = YES;
				CLANG_WARN_SUSPICIOUS_MOVE = YES;
				CLANG_WARN_UNGUARDED_AVAILABILITY = YES_AGGRESSIVE;
				CLANG_WARN_UNREACHABLE_CODE = YES;
				CLANG_WARN__DUPLICATE_METHOD_MATCH = YES;
				COPY_PHASE_STRIP = NO;
				DEBUG_INFORMATION_FORMAT = dwarf;
				ENABLE_STRICT_OBJC_MSGSEND = YES;
				ENABLE_TESTABILITY = YES;
				GCC_C_LANGUAGE_STANDARD = gnu11;
				GCC_DYNAMIC_NO_PIC = NO;
				GCC_NO_COMMON_BLOCKS = YES;
				GCC_OPTIMIZATION_LEVEL = 0;
				GCC_PREPROCESSOR_DEFINITIONS = (
					"DEBUG=1",
					"$(inherited)",
				);
				GCC_WARN_64_TO_32_BIT_CONVERSION = YES;
				GCC_WARN_ABOUT_RETURN_TYPE = YES_ERROR;
				GCC_WARN_UNDECLARED_SELECTOR = YES;
				GCC_WARN_UNINITIALIZED_AUTOS = YES_AGGRESSIVE;
				GCC_WARN_UNUSED_FUNCTION = YES;
				GCC_WARN_UNUSED_VARIABLE = YES;
				IPHONEOS_DEPLOYMENT_TARGET = 15.4;
				MTL_ENABLE_DEBUG_INFO = INCLUDE_SOURCE;
				MTL_FAST_MATH = YES;
				ONLY_ACTIVE_ARCH = YES;
				SDKROOT = iphoneos;
				SWIFT_ACTIVE_COMPILATION_CONDITIONS = DEBUG;
				SWIFT_OPTIMIZATION_LEVEL = "-Onone";
			};
			name = Debug;
		};
		7E7933F02848A3F900BBD28E /* Release */ = {
			isa = XCBuildConfiguration;
			buildSettings = {
				ALWAYS_SEARCH_USER_PATHS = NO;
				CLANG_ANALYZER_NONNULL = YES;
				CLANG_ANALYZER_NUMBER_OBJECT_CONVERSION = YES_AGGRESSIVE;
				CLANG_CXX_LANGUAGE_STANDARD = "gnu++17";
				CLANG_ENABLE_MODULES = YES;
				CLANG_ENABLE_OBJC_ARC = YES;
				CLANG_ENABLE_OBJC_WEAK = YES;
				CLANG_WARN_BLOCK_CAPTURE_AUTORELEASING = YES;
				CLANG_WARN_BOOL_CONVERSION = YES;
				CLANG_WARN_COMMA = YES;
				CLANG_WARN_CONSTANT_CONVERSION = YES;
				CLANG_WARN_DEPRECATED_OBJC_IMPLEMENTATIONS = YES;
				CLANG_WARN_DIRECT_OBJC_ISA_USAGE = YES_ERROR;
				CLANG_WARN_DOCUMENTATION_COMMENTS = YES;
				CLANG_WARN_EMPTY_BODY = YES;
				CLANG_WARN_ENUM_CONVERSION = YES;
				CLANG_WARN_INFINITE_RECURSION = YES;
				CLANG_WARN_INT_CONVERSION = YES;
				CLANG_WARN_NON_LITERAL_NULL_CONVERSION = YES;
				CLANG_WARN_OBJC_IMPLICIT_RETAIN_SELF = YES;
				CLANG_WARN_OBJC_LITERAL_CONVERSION = YES;
				CLANG_WARN_OBJC_ROOT_CLASS = YES_ERROR;
				CLANG_WARN_QUOTED_INCLUDE_IN_FRAMEWORK_HEADER = YES;
				CLANG_WARN_RANGE_LOOP_ANALYSIS = YES;
				CLANG_WARN_STRICT_PROTOTYPES = YES;
				CLANG_WARN_SUSPICIOUS_MOVE = YES;
				CLANG_WARN_UNGUARDED_AVAILABILITY = YES_AGGRESSIVE;
				CLANG_WARN_UNREACHABLE_CODE = YES;
				CLANG_WARN__DUPLICATE_METHOD_MATCH = YES;
				COPY_PHASE_STRIP = NO;
				DEBUG_INFORMATION_FORMAT = "dwarf-with-dsym";
				ENABLE_NS_ASSERTIONS = NO;
				ENABLE_STRICT_OBJC_MSGSEND = YES;
				GCC_C_LANGUAGE_STANDARD = gnu11;
				GCC_NO_COMMON_BLOCKS = YES;
				GCC_WARN_64_TO_32_BIT_CONVERSION = YES;
				GCC_WARN_ABOUT_RETURN_TYPE = YES_ERROR;
				GCC_WARN_UNDECLARED_SELECTOR = YES;
				GCC_WARN_UNINITIALIZED_AUTOS = YES_AGGRESSIVE;
				GCC_WARN_UNUSED_FUNCTION = YES;
				GCC_WARN_UNUSED_VARIABLE = YES;
				IPHONEOS_DEPLOYMENT_TARGET = 15.4;
				MTL_ENABLE_DEBUG_INFO = NO;
				MTL_FAST_MATH = YES;
				SDKROOT = iphoneos;
				SWIFT_COMPILATION_MODE = wholemodule;
				SWIFT_OPTIMIZATION_LEVEL = "-O";
				VALIDATE_PRODUCT = YES;
			};
			name = Release;
		};
		7E7933F22848A3F900BBD28E /* Debug */ = {
			isa = XCBuildConfiguration;
			baseConfigurationReference = 8A89658F9BD8E217FB584264 /* Pods-CalendarView.debug.xcconfig */;
			buildSettings = {
				ASSETCATALOG_COMPILER_APPICON_NAME = AppIcon;
				ASSETCATALOG_COMPILER_GLOBAL_ACCENT_COLOR_NAME = AccentColor;
				CODE_SIGN_STYLE = Automatic;
				CURRENT_PROJECT_VERSION = 1;
				DEVELOPMENT_TEAM = 5B48YT89NZ;
				GENERATE_INFOPLIST_FILE = YES;
				INFOPLIST_FILE = CalendarView/Info.plist;
				INFOPLIST_KEY_UIApplicationSupportsIndirectInputEvents = YES;
				INFOPLIST_KEY_UILaunchStoryboardName = LaunchScreen;
				INFOPLIST_KEY_UIMainStoryboardFile = Main;
				INFOPLIST_KEY_UISupportedInterfaceOrientations_iPad = "UIInterfaceOrientationPortrait UIInterfaceOrientationPortraitUpsideDown UIInterfaceOrientationLandscapeLeft UIInterfaceOrientationLandscapeRight";
				INFOPLIST_KEY_UISupportedInterfaceOrientations_iPhone = "UIInterfaceOrientationPortrait UIInterfaceOrientationLandscapeLeft UIInterfaceOrientationLandscapeRight";
				LD_RUNPATH_SEARCH_PATHS = (
					"$(inherited)",
					"@executable_path/Frameworks",
				);
				MARKETING_VERSION = 1.0;
				PRODUCT_BUNDLE_IDENTIFIER = Coditas.CalendarView;
				PRODUCT_NAME = "$(TARGET_NAME)";
				SWIFT_EMIT_LOC_STRINGS = YES;
				SWIFT_VERSION = 5.0;
				TARGETED_DEVICE_FAMILY = "1,2";
			};
			name = Debug;
		};
		7E7933F32848A3F900BBD28E /* Release */ = {
			isa = XCBuildConfiguration;
			baseConfigurationReference = 26F7BD611B8DA7E6A8F59BA2 /* Pods-CalendarView.release.xcconfig */;
			buildSettings = {
				ASSETCATALOG_COMPILER_APPICON_NAME = AppIcon;
				ASSETCATALOG_COMPILER_GLOBAL_ACCENT_COLOR_NAME = AccentColor;
				CODE_SIGN_STYLE = Automatic;
				CURRENT_PROJECT_VERSION = 1;
				DEVELOPMENT_TEAM = 5B48YT89NZ;
				GENERATE_INFOPLIST_FILE = YES;
				INFOPLIST_FILE = CalendarView/Info.plist;
				INFOPLIST_KEY_UIApplicationSupportsIndirectInputEvents = YES;
				INFOPLIST_KEY_UILaunchStoryboardName = LaunchScreen;
				INFOPLIST_KEY_UIMainStoryboardFile = Main;
				INFOPLIST_KEY_UISupportedInterfaceOrientations_iPad = "UIInterfaceOrientationPortrait UIInterfaceOrientationPortraitUpsideDown UIInterfaceOrientationLandscapeLeft UIInterfaceOrientationLandscapeRight";
				INFOPLIST_KEY_UISupportedInterfaceOrientations_iPhone = "UIInterfaceOrientationPortrait UIInterfaceOrientationLandscapeLeft UIInterfaceOrientationLandscapeRight";
				LD_RUNPATH_SEARCH_PATHS = (
					"$(inherited)",
					"@executable_path/Frameworks",
				);
				MARKETING_VERSION = 1.0;
				PRODUCT_BUNDLE_IDENTIFIER = Coditas.CalendarView;
				PRODUCT_NAME = "$(TARGET_NAME)";
				SWIFT_EMIT_LOC_STRINGS = YES;
				SWIFT_VERSION = 5.0;
				TARGETED_DEVICE_FAMILY = "1,2";
			};
			name = Release;
		};
/* End XCBuildConfiguration section */

/* Begin XCConfigurationList section */
		7E7933D82848A3F500BBD28E /* Build configuration list for PBXProject "CalendarView" */ = {
			isa = XCConfigurationList;
			buildConfigurations = (
				7E7933EF2848A3F900BBD28E /* Debug */,
				7E7933F02848A3F900BBD28E /* Release */,
			);
			defaultConfigurationIsVisible = 0;
			defaultConfigurationName = Release;
		};
		7E7933F12848A3F900BBD28E /* Build configuration list for PBXNativeTarget "CalendarView" */ = {
			isa = XCConfigurationList;
			buildConfigurations = (
				7E7933F22848A3F900BBD28E /* Debug */,
				7E7933F32848A3F900BBD28E /* Release */,
			);
			defaultConfigurationIsVisible = 0;
			defaultConfigurationName = Release;
		};
/* End XCConfigurationList section */
	};
	rootObject = 7E7933D52848A3F500BBD28E /* Project object */;
}
